
Microsoft Visual Studio Solution File, Format Version 12.00
# Visual Studio 15
VisualStudioVersion = 15.0.28010.2041
MinimumVisualStudioVersion = 10.0.40219.1
Project("{9A19103F-16F7-4668-BE54-9A1E7A4F7556}") = "SchedulingSystem", "SchedulingSystem.csproj", "{D6F3245A-60D9-424F-9C93-27DB30B0D8B5}"
EndProject
Global
	GlobalSection(SolutionConfigurationPlatforms) = preSolution
		Debug|Any CPU = Debug|Any CPU
		Release|Any CPU = Release|Any CPU
	EndGlobalSection
	GlobalSection(ProjectConfigurationPlatforms) = postSolution
		{D6F3245A-60D9-424F-9C93-27DB30B0D8B5}.Debug|Any CPU.ActiveCfg = Debug|Any CPU
		{D6F3245A-60D9-424F-9C93-27DB30B0D8B5}.Debug|Any CPU.Build.0 = Debug|Any CPU
		{D6F3245A-60D9-424F-9C93-27DB30B0D8B5}.Release|Any CPU.ActiveCfg = Release|Any CPU
		{D6F3245A-60D9-424F-9C93-27DB30B0D8B5}.Release|Any CPU.Build.0 = Release|Any CPU
	EndGlobalSection
	GlobalSection(SolutionProperties) = preSolution
		HideSolutionNode = FALSE
	EndGlobalSection
	GlobalSection(ExtensibilityGlobals) = postSolution
		SolutionGuid = {3E15F3BD-48A7-4D95-8BE4-11BA1B5B7425}
	EndGlobalSection
EndGlobal
